
Microsoft Visual Studio Solution File, Format Version 12.00
# Visual Studio Version 17
VisualStudioVersion = 17.12.35707.178
MinimumVisualStudioVersion = 10.0.40219.1
Project("{FAE04EC0-301F-11D3-BF4B-00C04F79EFBC}") = "API", "API\API.csproj", "{FF7EE618-0222-4DF7-8F6C-96C03D3AFA58}"
EndProject
Project("{FAE04EC0-301F-11D3-BF4B-00C04F79EFBC}") = "WebApp", "WebApp\WebApp.csproj", "{3730C406-C85D-4FF3-8572-A4196E339E37}"
EndProject
Global
	GlobalSection(SolutionConfigurationPlatforms) = preSolution
		Debug|Any CPU = Debug|Any CPU
		Release|Any CPU = Release|Any CPU
	EndGlobalSection
	GlobalSection(ProjectConfigurationPlatforms) = postSolution
		{FF7EE618-0222-4DF7-8F6C-96C03D3AFA58}.Debug|Any CPU.ActiveCfg = Debug|Any CPU
		{FF7EE618-0222-4DF7-8F6C-96C03D3AFA58}.Debug|Any CPU.Build.0 = Debug|Any CPU
		{FF7EE618-0222-4DF7-8F6C-96C03D3AFA58}.Release|Any CPU.ActiveCfg = Release|Any CPU
		{FF7EE618-0222-4DF7-8F6C-96C03D3AFA58}.Release|Any CPU.Build.0 = Release|Any CPU
		{3730C406-C85D-4FF3-8572-A4196E339E37}.Debug|Any CPU.ActiveCfg = Debug|Any CPU
		{3730C406-C85D-4FF3-8572-A4196E339E37}.Debug|Any CPU.Build.0 = Debug|Any CPU
		{3730C406-C85D-4FF3-8572-A4196E339E37}.Release|Any CPU.ActiveCfg = Release|Any CPU
		{3730C406-C85D-4FF3-8572-A4196E339E37}.Release|Any CPU.Build.0 = Release|Any CPU
	EndGlobalSection
	GlobalSection(SolutionProperties) = preSolution
		HideSolutionNode = FALSE
	EndGlobalSection
	GlobalSection(ExtensibilityGlobals) = postSolution
		SolutionGuid = {4E58067A-0045-4C3F-A302-99FE4CE3AD74}
	EndGlobalSection
EndGlobal
